github.com/jessevdk/go-flags v1.5.0 h1:1jKYvbxEjfUl0fmqTCOfonvskHHXMjBySTLW4y9LFvc=
github.com/jessevdk/go-flags v1.5.0/go.mod h1:Fw0T6WPc1dYxT4mKEZRfG5kJhaTDP9pj1c2EWnYs/m4=
github.com/jzelinskie/whirlpool v0.0.0-20201016144138-0675e54bb004 h1:G+9t9cEtnC9jFiTxyptEKuNIAbiN5ZCQzX2a74lj3xg=
github.com/jzelinskie/whirlpool v0.0.0-20201016144138-0675e54bb004/go.mod h1:KmHnJWQrgEvbuy0vcvj00gtMqbvNn1L+3YUZLK/B92c=
golang.org/x/sys v0.0.0-20210320140829-1e4c9ba3b0c4 h1:EZ2mChiOa8udjfp6rRmswTbtZN/QzUQp4ptM4rnjHvc=
golang.org/x/sys v0.0.0-20210320140829-1e4c9ba3b0c4/go.mod h1:h1NjWce9XRLGQEsW7wpKNCjG9DtNlClVuFLEZdDNbEs=
